{"version":4,"terraform_version":"1.8.3","serial":127,"lineage":"70f8c03d-94e2-4009-7cdc-843466b06cc6","outputs":{},"resources":[{"mode":"data","type":"local_file","name":"public_ssh_key","provider":"provider[\"registry.opentofu.org/hashicorp/local\"]","instances":[{"schema_version":0,"attributes":{"content":"ssh-rsa AAAAB3NzaC1yc2EAAAADAQABAAABgQDRfLSoQiJV1fZB0fnU4OJFJPluUx3UKAyWyjfKW8eaNzhANk6PfSW+7kEov6Pyt5yaPdtJImX/98hpuMx7U5q2Imfs2kH0NmoCjZyUw4FgqSKhl6s8grsFRjLp+3x665Q/tPM7AivJ6JzQWXhOTaH2wsz7qRUtHqUxIM0i3qW20hWt4Ncfg+kppBiDqHhk386E2GiPa4fzGqo296JIC6NRvwSpPKLo63C2IK+8gYgnUuvdGbyv/+ZC/JnKXMcx9blWms13ecaeAd4c+btRFbnhb16KAVdd7riiTfC5p510NmzonmFyh7jZiu0KC38DoGdgl9yeV+BaeyAiLwZkW78pK6IY5TKmILgcpUbwB5K3snUMMKCSsHlHtvHF4OdDbxT1mcqElMnLSbySm5DwqKh3giJGHu6KmKTxlGUq/92pRtoJFdrJnOCl/rEgr4GBC/5Gbdqu942IXx5PtN0LIKNFT242YMbL1fl9rcwvAWVwV/5ptvZmi47Anj2Sd2PM5Q8= jared@DESKTOP-36JDOS2\n","content_base64":"c3NoLXJzYSBBQUFBQjNOemFDMXljMkVBQUFBREFRQUJBQUFCZ1FEUmZMU29RaUpWMWZaQjBmblU0T0pGSlBsdVV4M1VLQXlXeWpmS1c4ZWFOemhBTms2UGZTVys3a0VvdjZQeXQ1eWFQZHRKSW1YLzk4aHB1TXg3VTVxMkltZnMya0gwTm1vQ2paeVV3NEZncVNLaGw2czhncnNGUmpMcCszeDY2NVEvdFBNN0Fpdko2SnpRV1hoT1RhSDJ3c3o3cVJVdEhxVXhJTTBpM3FXMjBoV3Q0TmNmZytrcHBCaURxSGhrMzg2RTJHaVBhNGZ6R3FvMjk2SklDNk5SdndTcFBLTG82M0MySUsrOGdZZ25VdXZkR2J5di8rWkMvSm5LWE1jeDlibFdtczEzZWNhZUFkNGMrYnRSRmJuaGIxNktBVmRkN3JpaVRmQzVwNTEwTm16b25tRnloN2paaXUwS0MzOERvR2RnbDl5ZVYrQmFleUFpTHdaa1c3OHBLNklZNVRLbUlMZ2NwVWJ3QjVLM3NuVU1NS0NTc0hsSHR2SEY0T2REYnhUMW1jcUVsTW5MU2J5U201RHdxS2gzZ2lKR0h1NkttS1R4bEdVcS85MnBSdG9KRmRySm5PQ2wvckVncjRHQkMvNUdiZHF1OTQySVh4NVB0TjBMSUtORlQyNDJZTWJMMWZsOXJjd3ZBV1Z3Vi81cHR2Wm1pNDdBbmoyU2QyUE01UTg9IGphcmVkQERFU0tUT1AtMzZKRE9TMgo=","content_base64sha256":"DyKJKY/vuJj13BPSwkB9Ywf41Rx6C+P2FFg0du/MtJg=","content_base64sha512":"xKRbgTn2RmIFEc96lxzoq4gkLUMghGchxbxHRrat1YHlEg3OT185IULVS4x390xpAKM7T7GOvmj6c6AbkS8Pag==","content_md5":"8c61a5a1ac6025080de5a342879343bf","content_sha1":"84310120e06933ab0c5c2119d4d1f6f791c5a5f7","content_sha256":"0f2289298fefb898f5dc13d2c2407d6307f8d51c7a0be3f614583476efccb498","content_sha512":"c4a45b8139f646620511cf7a971ce8ab88242d4320846721c5bc4746b6add581e5120dce4f5f392142d54b8c77f74c6900a33b4fb18ebe68fa73a01b912f0f6a","filename":"/home/jared/.ssh/id_rsa.pub","id":"84310120e06933ab0c5c2119d4d1f6f791c5a5f7"},"sensitive_attributes":[]}]},{"mode":"managed","type":"proxmox_virtual_environment_download_file","name":"centos_cloud_image","provider":"provider[\"registry.opentofu.org/bpg/proxmox\"]","instances":[{"schema_version":0,"attributes":{"checksum":null,"checksum_algorithm":null,"content_type":"iso","datastore_id":"local","decompression_algorithm":null,"file_name":"CentOS-Stream-GenericCloud-9-latest.img","id":"local:iso/CentOS-Stream-GenericCloud-9-latest.img","node_name":"pve","overwrite":false,"overwrite_unmanaged":false,"size":1170360320,"upload_timeout":600,"url":"https://cloud.centos.org/centos/9-stream/x86_64/images/CentOS-Stream-GenericCloud-9-latest.x86_64.qcow2","verify":true},"sensitive_attributes":[],"private":"eyJvcmlnaW5hbF9zdGF0ZV9zaXplIjoiTVRFM01ETTJNRE15TUE9PSJ9"}]},{"mode":"managed","type":"proxmox_virtual_environment_download_file","name":"redhat_coreos_image","provider":"provider[\"registry.opentofu.org/bpg/proxmox\"]","instances":[{"schema_version":0,"attributes":{"checksum":null,"checksum_algorithm":null,"content_type":"iso","datastore_id":"local","decompression_algorithm":"zst","file_name":"RedHat-CoreOS-417.94.202408270355-0-qemu.x86_64.img","id":"local:iso/RedHat-CoreOS-417.94.202408270355-0-qemu.x86_64.img","node_name":"pve","overwrite":false,"overwrite_unmanaged":false,"size":2417033216,"upload_timeout":600,"url":"https://rhcos.mirror.openshift.com/art/storage/prod/streams/4.17-9.4/builds/417.94.202408270355-0/x86_64/rhcos-417.94.202408270355-0-qemu.x86_64.qcow2.gz","verify":true},"sensitive_attributes":[],"private":"eyJvcmlnaW5hbF9zdGF0ZV9zaXplIjoiTWpReE56QXpNekl4Tmc9PSJ9"}]},{"mode":"managed","type":"proxmox_virtual_environment_file","name":"hook_rhcos","provider":"provider[\"registry.opentofu.org/bpg/proxmox\"]","instances":[{"schema_version":0,"attributes":{"content_type":"snippets","datastore_id":"local","file_mode":"0700","file_modification_date":"2024-10-13T19:46:27Z","file_name":"hook-rhcos.sh","file_size":8529,"file_tag":"670c2393-2151","id":"local:snippets/hook-rhcos.sh","node_name":"pve","overwrite":true,"source_file":[{"changed":false,"checksum":"","file_name":"","insecure":false,"min_tls":"","path":"scripts/hook-rhcos.sh"}],"source_raw":[],"timeout_upload":1800},"sensitive_attributes":[],"private":"bnVsbA=="}]},{"mode":"managed","type":"proxmox_virtual_environment_file","name":"rhcos_base_template","provider":"provider[\"registry.opentofu.org/bpg/proxmox\"]","instances":[{"schema_version":0,"attributes":{"content_type":"snippets","datastore_id":"local","file_mode":null,"file_modification_date":"2024-10-13T19:46:39Z","file_name":"rhcos-base-template.yaml","file_size":16241,"file_tag":"670c239f-3f71","id":"local:snippets/rhcos-base-template.yaml","node_name":"pve","overwrite":true,"source_file":[{"changed":false,"checksum":"","file_name":"","insecure":false,"min_tls":"","path":"scripts/rhcos-base-template.yaml"}],"source_raw":[],"timeout_upload":1800},"sensitive_attributes":[],"private":"bnVsbA=="}]},{"mode":"managed","type":"proxmox_virtual_environment_file","name":"rhcos_import_template","provider":"provider[\"registry.opentofu.org/bpg/proxmox\"]","instances":[{"schema_version":0,"attributes":{"content_type":"snippets","datastore_id":"local","file_mode":null,"file_modification_date":null,"file_name":"rhcos-import-template.yaml","file_size":null,"file_tag":null,"id":"local:snippets/rhcos-import-template.yaml","node_name":"pve","overwrite":true,"source_file":[],"source_raw":[{"data":"        merge:\n          - source: \"http://service.ocp4.iwobble.com:8080/TAG.ign\"\n\n","file_name":"rhcos-import-template.yaml","resize":0}],"timeout_upload":1800},"sensitive_attributes":[],"private":"bnVsbA=="}]},{"mode":"managed","type":"proxmox_virtual_environment_vm","name":"centos_stream_template","provider":"provider[\"registry.opentofu.org/bpg/proxmox\"]","instances":[{"schema_version":0,"attributes":{"acpi":true,"agent":[{"enabled":true,"timeout":"15m","trim":false,"type":"virtio"}],"audio_device":[],"bios":"seabios","boot_order":["scsi0"],"cdrom":[],"clone":[],"cpu":[{"affinity":"","architecture":"","cores":4,"flags":[],"hotplugged":0,"limit":0,"numa":false,"sockets":1,"type":"host","units":1024}],"description":"Cloned from: \nCentos Stream 9 - latest Template\n- Version:      latest\n- CloudInit:    true","disk":[{"aio":"io_uring","backup":true,"cache":"none","datastore_id":"local","discard":"ignore","file_format":"qcow2","file_id":"local:iso/CentOS-Stream-GenericCloud-9-latest.img","interface":"scsi0","iothread":false,"path_in_datastore":"901/vm-901-disk-0.qcow2","replicate":true,"serial":"","size":10,"speed":[],"ssd":false}],"efi_disk":[],"hook_script_file_id":null,"hostpci":[],"id":"901","initialization":[{"datastore_id":"local","dns":[],"interface":"ide2","ip_config":[{"ipv4":[{"address":"dhcp","gateway":""}],"ipv6":[]}],"meta_data_file_id":"","network_data_file_id":"","type":"","upgrade":false,"user_account":[{"keys":["ssh-rsa AAAAB3NzaC1yc2EAAAADAQABAAABgQDRfLSoQiJV1fZB0fnU4OJFJPluUx3UKAyWyjfKW8eaNzhANk6PfSW+7kEov6Pyt5yaPdtJImX/98hpuMx7U5q2Imfs2kH0NmoCjZyUw4FgqSKhl6s8grsFRjLp+3x665Q/tPM7AivJ6JzQWXhOTaH2wsz7qRUtHqUxIM0i3qW20hWt4Ncfg+kppBiDqHhk386E2GiPa4fzGqo296JIC6NRvwSpPKLo63C2IK+8gYgnUuvdGbyv/+ZC/JnKXMcx9blWms13ecaeAd4c+btRFbnhb16KAVdd7riiTfC5p510NmzonmFyh7jZiu0KC38DoGdgl9yeV+BaeyAiLwZkW78pK6IY5TKmILgcpUbwB5K3snUMMKCSsHlHtvHF4OdDbxT1mcqElMnLSbySm5DwqKh3giJGHu6KmKTxlGUq/92pRtoJFdrJnOCl/rEgr4GBC/5Gbdqu942IXx5PtN0LIKNFT242YMbL1fl9rcwvAWVwV/5ptvZmi47Anj2Sd2PM5Q8= jared@DESKTOP-36JDOS2"],"password":"**********","username":"jared"}],"user_data_file_id":"","vendor_data_file_id":""}],"ipv4_addresses":[],"ipv6_addresses":[],"keyboard_layout":"en-us","kvm_arguments":"","mac_addresses":["BC:24:11:DA:78:6B"],"machine":"","memory":[{"dedicated":4096,"floating":0,"hugepages":"","keep_hugepages":false,"shared":0}],"migrate":false,"name":"CentOS-latest-template","network_device":[{"bridge":"vmbr0","disconnected":false,"enabled":true,"firewall":false,"mac_address":"BC:24:11:DA:78:6B","model":"virtio","mtu":0,"queues":0,"rate_limit":0,"trunks":"","vlan_id":0}],"network_interface_names":[],"node_name":"pve","numa":[],"on_boot":false,"operating_system":[{"type":"l26"}],"pool_id":null,"protection":false,"reboot":false,"scsi_hardware":"virtio-scsi-pci","serial_device":[{"device":"socket"}],"smbios":[],"started":null,"startup":[],"stop_on_destroy":true,"tablet_device":false,"tags":[],"template":true,"timeout_clone":1800,"timeout_create":1800,"timeout_migrate":1800,"timeout_move_disk":1800,"timeout_reboot":1800,"timeout_shutdown_vm":1800,"timeout_start_vm":1800,"timeout_stop_vm":300,"tpm_state":[],"usb":[],"vga":[{"clipboard":"","memory":16,"type":"serial0"}],"vm_id":901,"watchdog":[]},"sensitive_attributes":[[{"type":"get_attr","value":"initialization"},{"type":"index","value":{"value":0,"type":"number"}},{"type":"get_attr","value":"user_account"},{"type":"index","value":{"value":0,"type":"number"}},{"type":"get_attr","value":"password"}]],"private":"bnVsbA==","dependencies":["data.local_file.public_ssh_key","proxmox_virtual_environment_download_file.centos_cloud_image"]}]},{"mode":"managed","type":"proxmox_virtual_environment_vm","name":"cloudinit-nodes","provider":"provider[\"registry.opentofu.org/bpg/proxmox\"]","instances":[{"index_key":"bootstrap","schema_version":0,"attributes":{"acpi":true,"agent":[],"audio_device":[],"bios":"seabios","boot_order":null,"cdrom":[],"clone":[{"datastore_id":"","full":true,"node_name":"","retries":1,"vm_id":943}],"cpu":[{"affinity":"","architecture":"","cores":4,"flags":[],"hotplugged":0,"limit":0,"numa":false,"sockets":1,"type":"host","units":1024}],"description":null,"disk":[{"aio":"io_uring","backup":true,"cache":"none","datastore_id":"local","discard":"ignore","file_format":"qcow2","file_id":"","interface":"scsi0","iothread":false,"path_in_datastore":"707/vm-707-disk-0.qcow2","replicate":true,"serial":"","size":100,"speed":[],"ssd":false}],"efi_disk":[],"hook_script_file_id":"local:snippets/hook-rhcos.sh","hostpci":[],"id":"707","initialization":[],"ipv4_addresses":[],"ipv6_addresses":[],"keyboard_layout":"en-us","kvm_arguments":null,"mac_addresses":["00:0d:b9:5f:ce:05"],"machine":null,"memory":[{"dedicated":16384,"floating":0,"hugepages":"","keep_hugepages":false,"shared":0}],"migrate":false,"name":"bootstrap","network_device":[{"bridge":"VLAN50","disconnected":false,"enabled":true,"firewall":false,"mac_address":"00:0d:b9:5f:ce:05","model":"virtio","mtu":0,"queues":0,"rate_limit":0,"trunks":"","vlan_id":0}],"network_interface_names":[],"node_name":"pve","numa":[],"on_boot":false,"operating_system":[],"pool_id":null,"protection":false,"reboot":false,"scsi_hardware":"virtio-scsi-pci","serial_device":[],"smbios":[],"started":false,"startup":[],"stop_on_destroy":false,"tablet_device":true,"tags":["ign_bootstrap"],"template":false,"timeout_clone":1800,"timeout_create":1800,"timeout_migrate":1800,"timeout_move_disk":1800,"timeout_reboot":1800,"timeout_shutdown_vm":1800,"timeout_start_vm":1800,"timeout_stop_vm":300,"tpm_state":[],"usb":[],"vga":[{"clipboard":"","memory":16,"type":"serial0"}],"vm_id":707,"watchdog":[]},"sensitive_attributes":[],"private":"bnVsbA==","dependencies":["data.local_file.public_ssh_key","proxmox_virtual_environment_download_file.centos_cloud_image","proxmox_virtual_environment_download_file.redhat_coreos_image","proxmox_virtual_environment_file.hook_rhcos","proxmox_virtual_environment_vm.centos_stream_template","proxmox_virtual_environment_vm.redhat_coreos_template"]},{"index_key":"master01","schema_version":0,"attributes":{"acpi":true,"agent":[],"audio_device":[],"bios":"seabios","boot_order":null,"cdrom":[],"clone":[{"datastore_id":"","full":true,"node_name":"","retries":1,"vm_id":943}],"cpu":[{"affinity":"","architecture":"","cores":4,"flags":[],"hotplugged":0,"limit":0,"numa":false,"sockets":1,"type":"host","units":1024}],"description":null,"disk":[{"aio":"io_uring","backup":true,"cache":"none","datastore_id":"local","discard":"ignore","file_format":"qcow2","file_id":"","interface":"scsi0","iothread":false,"path_in_datastore":"700/vm-700-disk-0.qcow2","replicate":true,"serial":"","size":100,"speed":[],"ssd":false}],"efi_disk":[],"hook_script_file_id":"local:snippets/hook-rhcos.sh","hostpci":[],"id":"700","initialization":[],"ipv4_addresses":[],"ipv6_addresses":[],"keyboard_layout":"en-us","kvm_arguments":null,"mac_addresses":["00:0d:b9:5f:ce:10"],"machine":null,"memory":[{"dedicated":16384,"floating":0,"hugepages":"","keep_hugepages":false,"shared":0}],"migrate":false,"name":"master01","network_device":[{"bridge":"VLAN50","disconnected":false,"enabled":true,"firewall":false,"mac_address":"00:0d:b9:5f:ce:10","model":"virtio","mtu":0,"queues":0,"rate_limit":0,"trunks":"","vlan_id":0}],"network_interface_names":[],"node_name":"pve","numa":[],"on_boot":false,"operating_system":[],"pool_id":null,"protection":false,"reboot":false,"scsi_hardware":"virtio-scsi-pci","serial_device":[],"smbios":[],"started":false,"startup":[],"stop_on_destroy":false,"tablet_device":true,"tags":["ign_master"],"template":false,"timeout_clone":1800,"timeout_create":1800,"timeout_migrate":1800,"timeout_move_disk":1800,"timeout_reboot":1800,"timeout_shutdown_vm":1800,"timeout_start_vm":1800,"timeout_stop_vm":300,"tpm_state":[],"usb":[],"vga":[{"clipboard":"","memory":16,"type":"serial0"}],"vm_id":700,"watchdog":[]},"sensitive_attributes":[],"private":"bnVsbA==","dependencies":["data.local_file.public_ssh_key","proxmox_virtual_environment_download_file.centos_cloud_image","proxmox_virtual_environment_download_file.redhat_coreos_image","proxmox_virtual_environment_file.hook_rhcos","proxmox_virtual_environment_vm.centos_stream_template","proxmox_virtual_environment_vm.redhat_coreos_template"]},{"index_key":"master02","schema_version":0,"attributes":{"acpi":true,"agent":[],"audio_device":[],"bios":"seabios","boot_order":null,"cdrom":[],"clone":[{"datastore_id":"","full":true,"node_name":"","retries":1,"vm_id":943}],"cpu":[{"affinity":"","architecture":"","cores":4,"flags":null,"hotplugged":0,"limit":0,"numa":false,"sockets":1,"type":"host","units":1024}],"description":null,"disk":[{"aio":"io_uring","backup":true,"cache":"none","datastore_id":"local","discard":"ignore","file_format":"qcow2","file_id":"","interface":"scsi0","iothread":false,"path_in_datastore":"701/vm-701-disk-0.qcow2","replicate":true,"serial":"","size":100,"speed":[],"ssd":false}],"efi_disk":[],"hook_script_file_id":"local:snippets/hook-rhcos.sh","hostpci":[],"id":"701","initialization":[],"ipv4_addresses":[],"ipv6_addresses":[],"keyboard_layout":"en-us","kvm_arguments":null,"mac_addresses":["00:0d:b9:5f:ce:11"],"machine":null,"memory":[{"dedicated":16384,"floating":0,"hugepages":"","keep_hugepages":false,"shared":0}],"migrate":false,"name":"master02","network_device":[{"bridge":"VLAN50","disconnected":false,"enabled":true,"firewall":false,"mac_address":"00:0d:b9:5f:ce:11","model":"virtio","mtu":0,"queues":0,"rate_limit":0,"trunks":"","vlan_id":0}],"network_interface_names":[],"node_name":"pve","numa":[],"on_boot":false,"operating_system":[],"pool_id":null,"protection":false,"reboot":false,"scsi_hardware":"virtio-scsi-pci","serial_device":[],"smbios":[],"started":false,"startup":[],"stop_on_destroy":false,"tablet_device":true,"tags":["ign_master"],"template":false,"timeout_clone":1800,"timeout_create":1800,"timeout_migrate":1800,"timeout_move_disk":1800,"timeout_reboot":1800,"timeout_shutdown_vm":1800,"timeout_start_vm":1800,"timeout_stop_vm":300,"tpm_state":[],"usb":[],"vga":[{"clipboard":"","memory":16,"type":"serial0"}],"vm_id":701,"watchdog":[]},"sensitive_attributes":[],"private":"bnVsbA==","dependencies":["data.local_file.public_ssh_key","proxmox_virtual_environment_download_file.centos_cloud_image","proxmox_virtual_environment_download_file.redhat_coreos_image","proxmox_virtual_environment_file.hook_rhcos","proxmox_virtual_environment_vm.centos_stream_template","proxmox_virtual_environment_vm.redhat_coreos_template"]},{"index_key":"master03","schema_version":0,"attributes":{"acpi":true,"agent":[],"audio_device":[],"bios":"seabios","boot_order":null,"cdrom":[],"clone":[{"datastore_id":"","full":true,"node_name":"","retries":1,"vm_id":943}],"cpu":[{"affinity":"","architecture":"","cores":4,"flags":[],"hotplugged":0,"limit":0,"numa":false,"sockets":1,"type":"host","units":1024}],"description":null,"disk":[{"aio":"io_uring","backup":true,"cache":"none","datastore_id":"local","discard":"ignore","file_format":"qcow2","file_id":"","interface":"scsi0","iothread":false,"path_in_datastore":"702/vm-702-disk-0.qcow2","replicate":true,"serial":"","size":100,"speed":[],"ssd":false}],"efi_disk":[],"hook_script_file_id":"local:snippets/hook-rhcos.sh","hostpci":[],"id":"702","initialization":[],"ipv4_addresses":[],"ipv6_addresses":[],"keyboard_layout":"en-us","kvm_arguments":null,"mac_addresses":["00:0d:b9:5f:ce:12"],"machine":null,"memory":[{"dedicated":16384,"floating":0,"hugepages":"","keep_hugepages":false,"shared":0}],"migrate":false,"name":"master03","network_device":[{"bridge":"VLAN50","disconnected":false,"enabled":true,"firewall":false,"mac_address":"00:0d:b9:5f:ce:12","model":"virtio","mtu":0,"queues":0,"rate_limit":0,"trunks":"","vlan_id":0}],"network_interface_names":[],"node_name":"pve","numa":[],"on_boot":false,"operating_system":[],"pool_id":null,"protection":false,"reboot":false,"scsi_hardware":"virtio-scsi-pci","serial_device":[],"smbios":[],"started":false,"startup":[],"stop_on_destroy":false,"tablet_device":true,"tags":["ign_master"],"template":false,"timeout_clone":1800,"timeout_create":1800,"timeout_migrate":1800,"timeout_move_disk":1800,"timeout_reboot":1800,"timeout_shutdown_vm":1800,"timeout_start_vm":1800,"timeout_stop_vm":300,"tpm_state":[],"usb":[],"vga":[{"clipboard":"","memory":16,"type":"serial0"}],"vm_id":702,"watchdog":[]},"sensitive_attributes":[],"private":"bnVsbA==","dependencies":["data.local_file.public_ssh_key","proxmox_virtual_environment_download_file.centos_cloud_image","proxmox_virtual_environment_download_file.redhat_coreos_image","proxmox_virtual_environment_file.hook_rhcos","proxmox_virtual_environment_vm.centos_stream_template","proxmox_virtual_environment_vm.redhat_coreos_template"]},{"index_key":"service","schema_version":0,"attributes":{"acpi":true,"agent":[],"audio_device":[],"bios":"seabios","boot_order":null,"cdrom":[],"clone":[{"datastore_id":"","full":true,"node_name":"","retries":1,"vm_id":901}],"cpu":[{"affinity":"","architecture":"","cores":4,"flags":[],"hotplugged":0,"limit":0,"numa":false,"sockets":1,"type":"host","units":1024}],"description":null,"disk":[{"aio":"io_uring","backup":true,"cache":"none","datastore_id":"local","discard":"ignore","file_format":"qcow2","file_id":"","interface":"scsi0","iothread":false,"path_in_datastore":"709/vm-709-disk-0.qcow2","replicate":true,"serial":"","size":100,"speed":[],"ssd":false}],"efi_disk":[],"hook_script_file_id":"","hostpci":[],"id":"709","initialization":[],"ipv4_addresses":[["127.0.0.1"],["192.168.50.2"]],"ipv6_addresses":[["::1"],["fe80::20d:b9ff:fe5f:ce02"]],"keyboard_layout":"en-us","kvm_arguments":null,"mac_addresses":["00:00:00:00:00:00","00:0D:B9:5F:CE:02"],"machine":null,"memory":[{"dedicated":16384,"floating":0,"hugepages":"","keep_hugepages":false,"shared":0}],"migrate":false,"name":"service","network_device":[{"bridge":"VLAN50","disconnected":false,"enabled":true,"firewall":false,"mac_address":"00:0d:b9:5f:ce:02","model":"virtio","mtu":0,"queues":0,"rate_limit":0,"trunks":"","vlan_id":0}],"network_interface_names":["lo","eth0"],"node_name":"pve","numa":[],"on_boot":true,"operating_system":[],"pool_id":null,"protection":false,"reboot":false,"scsi_hardware":"virtio-scsi-pci","serial_device":[],"smbios":[],"started":true,"startup":[],"stop_on_destroy":false,"tablet_device":true,"tags":["ign_service"],"template":false,"timeout_clone":1800,"timeout_create":1800,"timeout_migrate":1800,"timeout_move_disk":1800,"timeout_reboot":1800,"timeout_shutdown_vm":1800,"timeout_start_vm":1800,"timeout_stop_vm":300,"tpm_state":[],"usb":[],"vga":[{"clipboard":"","memory":16,"type":"serial0"}],"vm_id":709,"watchdog":[]},"sensitive_attributes":[],"private":"bnVsbA==","dependencies":["data.local_file.public_ssh_key","proxmox_virtual_environment_download_file.centos_cloud_image","proxmox_virtual_environment_download_file.redhat_coreos_image","proxmox_virtual_environment_file.hook_rhcos","proxmox_virtual_environment_vm.centos_stream_template","proxmox_virtual_environment_vm.redhat_coreos_template"]},{"index_key":"worker01","schema_version":0,"attributes":{"acpi":true,"agent":[],"audio_device":[],"bios":"seabios","boot_order":null,"cdrom":[],"clone":[{"datastore_id":"","full":true,"node_name":"","retries":1,"vm_id":943}],"cpu":[{"affinity":"","architecture":"","cores":2,"flags":[],"hotplugged":0,"limit":0,"numa":false,"sockets":1,"type":"host","units":1024}],"description":null,"disk":[{"aio":"io_uring","backup":true,"cache":"none","datastore_id":"local","discard":"ignore","file_format":"qcow2","file_id":"","interface":"scsi0","iothread":false,"path_in_datastore":"703/vm-703-disk-0.qcow2","replicate":true,"serial":"","size":100,"speed":[],"ssd":false}],"efi_disk":[],"hook_script_file_id":"local:snippets/hook-rhcos.sh","hostpci":[],"id":"703","initialization":[],"ipv4_addresses":[],"ipv6_addresses":[],"keyboard_layout":"en-us","kvm_arguments":null,"mac_addresses":["00:0d:b9:5f:ce:20"],"machine":null,"memory":[{"dedicated":16384,"floating":0,"hugepages":"","keep_hugepages":false,"shared":0}],"migrate":false,"name":"worker01","network_device":[{"bridge":"VLAN50","disconnected":false,"enabled":true,"firewall":false,"mac_address":"00:0d:b9:5f:ce:20","model":"virtio","mtu":0,"queues":0,"rate_limit":0,"trunks":"","vlan_id":0}],"network_interface_names":[],"node_name":"pve","numa":[],"on_boot":false,"operating_system":[],"pool_id":null,"protection":false,"reboot":false,"scsi_hardware":"virtio-scsi-pci","serial_device":[],"smbios":[],"started":false,"startup":[],"stop_on_destroy":false,"tablet_device":true,"tags":["ign_worker"],"template":false,"timeout_clone":1800,"timeout_create":1800,"timeout_migrate":1800,"timeout_move_disk":1800,"timeout_reboot":1800,"timeout_shutdown_vm":1800,"timeout_start_vm":1800,"timeout_stop_vm":300,"tpm_state":[],"usb":[],"vga":[{"clipboard":"","memory":16,"type":"serial0"}],"vm_id":703,"watchdog":[]},"sensitive_attributes":[],"private":"bnVsbA==","dependencies":["data.local_file.public_ssh_key","proxmox_virtual_environment_download_file.centos_cloud_image","proxmox_virtual_environment_download_file.redhat_coreos_image","proxmox_virtual_environment_file.hook_rhcos","proxmox_virtual_environment_vm.centos_stream_template","proxmox_virtual_environment_vm.redhat_coreos_template"]},{"index_key":"worker02","schema_version":0,"attributes":{"acpi":true,"agent":[],"audio_device":[],"bios":"seabios","boot_order":null,"cdrom":[],"clone":[{"datastore_id":"","full":true,"node_name":"","retries":1,"vm_id":943}],"cpu":[{"affinity":"","architecture":"","cores":2,"flags":[],"hotplugged":0,"limit":0,"numa":false,"sockets":1,"type":"host","units":1024}],"description":null,"disk":[{"aio":"io_uring","backup":true,"cache":"none","datastore_id":"local","discard":"ignore","file_format":"qcow2","file_id":"","interface":"scsi0","iothread":false,"path_in_datastore":"704/vm-704-disk-0.qcow2","replicate":true,"serial":"","size":100,"speed":[],"ssd":false}],"efi_disk":[],"hook_script_file_id":"local:snippets/hook-rhcos.sh","hostpci":[],"id":"704","initialization":[],"ipv4_addresses":[],"ipv6_addresses":[],"keyboard_layout":"en-us","kvm_arguments":null,"mac_addresses":["00:0d:b9:5f:ce:21"],"machine":null,"memory":[{"dedicated":16384,"floating":0,"hugepages":"","keep_hugepages":false,"shared":0}],"migrate":false,"name":"worker02","network_device":[{"bridge":"VLAN50","disconnected":false,"enabled":true,"firewall":false,"mac_address":"00:0d:b9:5f:ce:21","model":"virtio","mtu":0,"queues":0,"rate_limit":0,"trunks":"","vlan_id":0}],"network_interface_names":[],"node_name":"pve","numa":[],"on_boot":false,"operating_system":[],"pool_id":null,"protection":false,"reboot":false,"scsi_hardware":"virtio-scsi-pci","serial_device":[],"smbios":[],"started":false,"startup":[],"stop_on_destroy":false,"tablet_device":true,"tags":["ign_worker"],"template":false,"timeout_clone":1800,"timeout_create":1800,"timeout_migrate":1800,"timeout_move_disk":1800,"timeout_reboot":1800,"timeout_shutdown_vm":1800,"timeout_start_vm":1800,"timeout_stop_vm":300,"tpm_state":[],"usb":[],"vga":[{"clipboard":"","memory":16,"type":"serial0"}],"vm_id":704,"watchdog":[]},"sensitive_attributes":[],"private":"bnVsbA==","dependencies":["data.local_file.public_ssh_key","proxmox_virtual_environment_download_file.centos_cloud_image","proxmox_virtual_environment_download_file.redhat_coreos_image","proxmox_virtual_environment_file.hook_rhcos","proxmox_virtual_environment_vm.centos_stream_template","proxmox_virtual_environment_vm.redhat_coreos_template"]},{"index_key":"worker03","schema_version":0,"attributes":{"acpi":true,"agent":[],"audio_device":[],"bios":"seabios","boot_order":null,"cdrom":[],"clone":[{"datastore_id":"","full":true,"node_name":"","retries":1,"vm_id":943}],"cpu":[{"affinity":"","architecture":"","cores":2,"flags":null,"hotplugged":0,"limit":0,"numa":false,"sockets":1,"type":"host","units":1024}],"description":null,"disk":[{"aio":"io_uring","backup":true,"cache":"none","datastore_id":"local","discard":"ignore","file_format":"qcow2","file_id":"","interface":"scsi0","iothread":false,"path_in_datastore":"705/vm-705-disk-0.qcow2","replicate":true,"serial":"","size":100,"speed":[],"ssd":false}],"efi_disk":[],"hook_script_file_id":"local:snippets/hook-rhcos.sh","hostpci":[],"id":"705","initialization":[],"ipv4_addresses":[],"ipv6_addresses":[],"keyboard_layout":"en-us","kvm_arguments":null,"mac_addresses":["00:0d:b9:5f:ce:22"],"machine":null,"memory":[{"dedicated":16384,"floating":0,"hugepages":"","keep_hugepages":false,"shared":0}],"migrate":false,"name":"worker03","network_device":[{"bridge":"VLAN50","disconnected":false,"enabled":true,"firewall":false,"mac_address":"00:0d:b9:5f:ce:22","model":"virtio","mtu":0,"queues":0,"rate_limit":0,"trunks":"","vlan_id":0}],"network_interface_names":[],"node_name":"pve","numa":[],"on_boot":false,"operating_system":[],"pool_id":null,"protection":false,"reboot":false,"scsi_hardware":"virtio-scsi-pci","serial_device":[],"smbios":[],"started":false,"startup":[],"stop_on_destroy":false,"tablet_device":true,"tags":["ign_worker"],"template":false,"timeout_clone":1800,"timeout_create":1800,"timeout_migrate":1800,"timeout_move_disk":1800,"timeout_reboot":1800,"timeout_shutdown_vm":1800,"timeout_start_vm":1800,"timeout_stop_vm":300,"tpm_state":[],"usb":[],"vga":[{"clipboard":"","memory":16,"type":"serial0"}],"vm_id":705,"watchdog":[]},"sensitive_attributes":[],"private":"bnVsbA==","dependencies":["data.local_file.public_ssh_key","proxmox_virtual_environment_download_file.centos_cloud_image","proxmox_virtual_environment_download_file.redhat_coreos_image","proxmox_virtual_environment_file.hook_rhcos","proxmox_virtual_environment_vm.centos_stream_template","proxmox_virtual_environment_vm.redhat_coreos_template"]}]},{"mode":"managed","type":"proxmox_virtual_environment_vm","name":"redhat_coreos_template","provider":"provider[\"registry.opentofu.org/bpg/proxmox\"]","instances":[{"schema_version":0,"attributes":{"acpi":true,"agent":[{"enabled":true,"timeout":"15m","trim":false,"type":"virtio"}],"audio_device":[],"bios":"seabios","boot_order":["scsi0"],"cdrom":[],"clone":[],"cpu":[{"affinity":"","architecture":"","cores":4,"flags":[],"hotplugged":0,"limit":0,"numa":false,"sockets":1,"type":"host","units":1024}],"description":"Cloned from: \nRedHat CoreOS - 417.94.202408270355-0-qemu Template\n- Version:      417.94.202408270355-0 \n- Platform:     qemu\n- CloudInit:    true","disk":[{"aio":"io_uring","backup":true,"cache":"none","datastore_id":"local","discard":"ignore","file_format":"qcow2","file_id":"local:iso/RedHat-CoreOS-417.94.202408270355-0-qemu.x86_64.img","interface":"scsi0","iothread":false,"path_in_datastore":"943/vm-943-disk-0.qcow2","replicate":true,"serial":"","size":16,"speed":[],"ssd":false}],"efi_disk":[],"hook_script_file_id":null,"hostpci":[],"id":"943","initialization":[{"datastore_id":"local","dns":[],"interface":"ide2","ip_config":[{"ipv4":[{"address":"dhcp","gateway":""}],"ipv6":[]}],"meta_data_file_id":"","network_data_file_id":"","type":"","upgrade":false,"user_account":[{"keys":["ssh-rsa AAAAB3NzaC1yc2EAAAADAQABAAABgQDRfLSoQiJV1fZB0fnU4OJFJPluUx3UKAyWyjfKW8eaNzhANk6PfSW+7kEov6Pyt5yaPdtJImX/98hpuMx7U5q2Imfs2kH0NmoCjZyUw4FgqSKhl6s8grsFRjLp+3x665Q/tPM7AivJ6JzQWXhOTaH2wsz7qRUtHqUxIM0i3qW20hWt4Ncfg+kppBiDqHhk386E2GiPa4fzGqo296JIC6NRvwSpPKLo63C2IK+8gYgnUuvdGbyv/+ZC/JnKXMcx9blWms13ecaeAd4c+btRFbnhb16KAVdd7riiTfC5p510NmzonmFyh7jZiu0KC38DoGdgl9yeV+BaeyAiLwZkW78pK6IY5TKmILgcpUbwB5K3snUMMKCSsHlHtvHF4OdDbxT1mcqElMnLSbySm5DwqKh3giJGHu6KmKTxlGUq/92pRtoJFdrJnOCl/rEgr4GBC/5Gbdqu942IXx5PtN0LIKNFT242YMbL1fl9rcwvAWVwV/5ptvZmi47Anj2Sd2PM5Q8= jared@DESKTOP-36JDOS2"],"password":"**********","username":"jared"}],"user_data_file_id":"","vendor_data_file_id":""}],"ipv4_addresses":[],"ipv6_addresses":[],"keyboard_layout":"en-us","kvm_arguments":"","mac_addresses":["BC:24:11:9D:D5:0B"],"machine":"","memory":[{"dedicated":4096,"floating":0,"hugepages":"","keep_hugepages":false,"shared":0}],"migrate":false,"name":"RedHatCoreOS-417.94.202408270355-0-template","network_device":[{"bridge":"vmbr0","disconnected":false,"enabled":true,"firewall":false,"mac_address":"BC:24:11:9D:D5:0B","model":"virtio","mtu":0,"queues":0,"rate_limit":0,"trunks":"","vlan_id":0}],"network_interface_names":[],"node_name":"pve","numa":[],"on_boot":false,"operating_system":[{"type":"l26"}],"pool_id":null,"protection":false,"reboot":false,"scsi_hardware":"virtio-scsi-pci","serial_device":[{"device":"socket"}],"smbios":[],"started":null,"startup":[],"stop_on_destroy":true,"tablet_device":false,"tags":[],"template":true,"timeout_clone":1800,"timeout_create":1800,"timeout_migrate":1800,"timeout_move_disk":1800,"timeout_reboot":1800,"timeout_shutdown_vm":1800,"timeout_start_vm":1800,"timeout_stop_vm":300,"tpm_state":[],"usb":[],"vga":[{"clipboard":"","memory":16,"type":"serial0"}],"vm_id":943,"watchdog":[]},"sensitive_attributes":[[{"type":"get_attr","value":"initialization"},{"type":"index","value":{"value":0,"type":"number"}},{"type":"get_attr","value":"user_account"},{"type":"index","value":{"value":0,"type":"number"}},{"type":"get_attr","value":"password"}]],"private":"bnVsbA==","dependencies":["data.local_file.public_ssh_key","proxmox_virtual_environment_download_file.redhat_coreos_image"]}]}],"check_results":null}
